
Microsoft Visual Studio Solution File, Format Version 12.00
# Visual Studio Version 16
VisualStudioVersion = 16.0.31313.79
MinimumVisualStudioVersion = 10.0.40219.1
Project("{FAE04EC0-301F-11D3-BF4B-00C04F79EFBC}") = "Avanade.SubTCSE.Projeto.Api", "Avanade.SubTCSE.Projeto.Api.csproj", "{AEF83C4D-5869-4692-B478-F8E51BF9B212}"
EndProject
Global
	GlobalSection(SolutionConfigurationPlatforms) = preSolution
		Debug|Any CPU = Debug|Any CPU
		Release|Any CPU = Release|Any CPU
	EndGlobalSection
	GlobalSection(ProjectConfigurationPlatforms) = postSolution
		{AEF83C4D-5869-4692-B478-F8E51BF9B212}.Debug|Any CPU.ActiveCfg = Debug|Any CPU
		{AEF83C4D-5869-4692-B478-F8E51BF9B212}.Debug|Any CPU.Build.0 = Debug|Any CPU
		{AEF83C4D-5869-4692-B478-F8E51BF9B212}.Release|Any CPU.ActiveCfg = Release|Any CPU
		{AEF83C4D-5869-4692-B478-F8E51BF9B212}.Release|Any CPU.Build.0 = Release|Any CPU
	EndGlobalSection
	GlobalSection(SolutionProperties) = preSolution
		HideSolutionNode = FALSE
	EndGlobalSection
	GlobalSection(ExtensibilityGlobals) = postSolution
		SolutionGuid = {ADEEAF85-732B-4E3E-B18C-D6B2341AE038}
	EndGlobalSection
EndGlobal
